
Microsoft Visual Studio Solution File, Format Version 12.00
# Visual Studio Version 17
VisualStudioVersion = 17.3.32819.101
MinimumVisualStudioVersion = 10.0.40219.1
Project("{FAE04EC0-301F-11D3-BF4B-00C04F79EFBC}") = "HomePage", "HomePage\HomePage.csproj", "{165CE8D8-6FA4-498C-83AC-D55D0F3AAE0B}"
EndProject
Global
	GlobalSection(SolutionConfigurationPlatforms) = preSolution
		Debug|Any CPU = Debug|Any CPU
		Release|Any CPU = Release|Any CPU
	EndGlobalSection
	GlobalSection(ProjectConfigurationPlatforms) = postSolution
		{165CE8D8-6FA4-498C-83AC-D55D0F3AAE0B}.Debug|Any CPU.ActiveCfg = Debug|Any CPU
		{165CE8D8-6FA4-498C-83AC-D55D0F3AAE0B}.Debug|Any CPU.Build.0 = Debug|Any CPU
		{165CE8D8-6FA4-498C-83AC-D55D0F3AAE0B}.Release|Any CPU.ActiveCfg = Release|Any CPU
		{165CE8D8-6FA4-498C-83AC-D55D0F3AAE0B}.Release|Any CPU.Build.0 = Release|Any CPU
	EndGlobalSection
	GlobalSection(SolutionProperties) = preSolution
		HideSolutionNode = FALSE
	EndGlobalSection
	GlobalSection(ExtensibilityGlobals) = postSolution
		SolutionGuid = {063D2956-1EF2-4DEC-84BA-7826964F191F}
	EndGlobalSection
EndGlobal
